// !$*UTF8*$!
{
	archiveVersion = 1;
	classes = {
	};
	objectVersion = 55;
	objects = {

/* Begin PBXBuildFile section */
		55E1E4592C20D04000B4D47C /* main.swift in Sources */ = {isa = PBXBuildFile; fileRef = 55E1E4582C20D04000B4D47C /* main.swift */; };
		55E1E4602C20D0AF00B4D47C /* zShearFactor.swift in Sources */ = {isa = PBXBuildFile; fileRef = 55E1E45F2C20D0AF00B4D47C /* zShearFactor.swift */; };
		55E1E4682C2337E600B4D47C /* zshear_factor_test.swift in Sources */ = {isa = PBXBuildFile; fileRef = 55E1E4672C2337E600B4D47C /* zshear_factor_test.swift */; };
		55E1E46C2C234AE300B4D47C /* zShearFactor.swift in Sources */ = {isa = PBXBuildFile; fileRef = 55E1E45F2C20D0AF00B4D47C /* zShearFactor.swift */; };
/* End PBXBuildFile section */

/* Begin PBXCopyFilesBuildPhase section */
		55E1E4532C20D04000B4D47C /* CopyFiles */ = {
			isa = PBXCopyFilesBuildPhase;
			buildActionMask = 2147483647;
			dstPath = /usr/share/man/man1/;
			dstSubfolderSpec = 0;
			files = (
			);
			runOnlyForDeploymentPostprocessing = 1;
		};
/* End PBXCopyFilesBuildPhase section */

/* Begin PBXFileReference section */
		55E1E4552C20D04000B4D47C /* zshear-factor */ = {isa = PBXFileReference; explicitFileType = "compiled.mach-o.executable"; includeInIndex = 0; path = "zshear-factor"; sourceTree = BUILT_PRODUCTS_DIR; };
		55E1E4582C20D04000B4D47C /* main.swift */ = {isa = PBXFileReference; lastKnownFileType = sourcecode.swift; path = main.swift; sourceTree = "<group>"; };
		55E1E45F2C20D0AF00B4D47C /* zShearFactor.swift */ = {isa = PBXFileReference; lastKnownFileType = sourcecode.swift; path = zShearFactor.swift; sourceTree = "<group>"; };
		55E1E4652C2337E600B4D47C /* zshear-factor-test.xctest */ = {isa = PBXFileReference; explicitFileType = wrapper.cfbundle; includeInIndex = 0; path = "zshear-factor-test.xctest"; sourceTree = BUILT_PRODUCTS_DIR; };
		55E1E4672C2337E600B4D47C /* zshear_factor_test.swift */ = {isa = PBXFileReference; lastKnownFileType = sourcecode.swift; path = zshear_factor_test.swift; sourceTree = "<group>"; };
/* End PBXFileReference section */

/* Begin PBXFrameworksBuildPhase section */
		55E1E4522C20D04000B4D47C /* Frameworks */ = {
			isa = PBXFrameworksBuildPhase;
			buildActionMask = 2147483647;
			files = (
			);
			runOnlyForDeploymentPostprocessing = 0;
		};
		55E1E4622C2337E600B4D47C /* Frameworks */ = {
			isa = PBXFrameworksBuildPhase;
			buildActionMask = 2147483647;
			files = (
			);
			runOnlyForDeploymentPostprocessing = 0;
		};
/* End PBXFrameworksBuildPhase section */

/* Begin PBXGroup section */
		55E1E44C2C20D04000B4D47C = {
			isa = PBXGroup;
			children = (
				55E1E4572C20D04000B4D47C /* zshear-factor */,
				55E1E4662C2337E600B4D47C /* zshear-factor-test */,
				55E1E4562C20D04000B4D47C /* Products */,
			);
			sourceTree = "<group>";
		};
		55E1E4562C20D04000B4D47C /* Products */ = {
			isa = PBXGroup;
			children = (
				55E1E4552C20D04000B4D47C /* zshear-factor */,
				55E1E4652C2337E600B4D47C /* zshear-factor-test.xctest */,
			);
			name = Products;
			sourceTree = "<group>";
		};
		55E1E4572C20D04000B4D47C /* zshear-factor */ = {
			isa = PBXGroup;
			children = (
				55E1E4582C20D04000B4D47C /* main.swift */,
				55E1E45F2C20D0AF00B4D47C /* zShearFactor.swift */,
			);
			path = "zshear-factor";
			sourceTree = "<group>";
		};
		55E1E4662C2337E600B4D47C /* zshear-factor-test */ = {
			isa = PBXGroup;
			children = (
				55E1E4672C2337E600B4D47C /* zshear_factor_test.swift */,
			);
			path = "zshear-factor-test";
			sourceTree = "<group>";
		};
/* End PBXGroup section */

/* Begin PBXNativeTarget section */
		55E1E4542C20D04000B4D47C /* zshear-factor */ = {
			isa = PBXNativeTarget;
			buildConfigurationList = 55E1E45C2C20D04000B4D47C /* Build configuration list for PBXNativeTarget "zshear-factor" */;
			buildPhases = (
				55E1E4512C20D04000B4D47C /* Sources */,
				55E1E4522C20D04000B4D47C /* Frameworks */,
				55E1E4532C20D04000B4D47C /* CopyFiles */,
			);
			buildRules = (
			);
			dependencies = (
			);
			name = "zshear-factor";
			productName = "zshear-factor";
			productReference = 55E1E4552C20D04000B4D47C /* zshear-factor */;
			productType = "com.apple.product-type.tool";
		};
		55E1E4642C2337E600B4D47C /* zshear-factor-test */ = {
			isa = PBXNativeTarget;
			buildConfigurationList = 55E1E4692C2337E600B4D47C /* Build configuration list for PBXNativeTarget "zshear-factor-test" */;
			buildPhases = (
				55E1E4612C2337E600B4D47C /* Sources */,
				55E1E4622C2337E600B4D47C /* Frameworks */,
				55E1E4632C2337E600B4D47C /* Resources */,
			);
			buildRules = (
			);
			dependencies = (
			);
			name = "zshear-factor-test";
			productName = "zshear-factor-test";
			productReference = 55E1E4652C2337E600B4D47C /* zshear-factor-test.xctest */;
			productType = "com.apple.product-type.bundle.unit-test";
		};
/* End PBXNativeTarget section */

/* Begin PBXProject section */
		55E1E44D2C20D04000B4D47C /* Project object */ = {
			isa = PBXProject;
			attributes = {
				BuildIndependentTargetsInParallel = 1;
				LastSwiftUpdateCheck = 1340;
				LastUpgradeCheck = 1340;
				TargetAttributes = {
					55E1E4542C20D04000B4D47C = {
						CreatedOnToolsVersion = 13.4.1;
					};
					55E1E4642C2337E600B4D47C = {
						CreatedOnToolsVersion = 13.4.1;
					};
				};
			};
			buildConfigurationList = 55E1E4502C20D04000B4D47C /* Build configuration list for PBXProject "zshear-factor" */;
			compatibilityVersion = "Xcode 13.0";
			developmentRegion = en;
			hasScannedForEncodings = 0;
			knownRegions = (
				en,
				Base,
			);
			mainGroup = 55E1E44C2C20D04000B4D47C;
			productRefGroup = 55E1E4562C20D04000B4D47C /* Products */;
			projectDirPath = "";
			projectRoot = "";
			targets = (
				55E1E4542C20D04000B4D47C /* zshear-factor */,
				55E1E4642C2337E600B4D47C /* zshear-factor-test */,
			);
		};
/* End PBXProject section */

/* Begin PBXResourcesBuildPhase section */
		55E1E4632C2337E600B4D47C /* Resources */ = {
			isa = PBXResourcesBuildPhase;
			buildActionMask = 2147483647;
			files = (
			);
			runOnlyForDeploymentPostprocessing = 0;
		};
/* End PBXResourcesBuildPhase section */

/* Begin PBXSourcesBuildPhase section */
		55E1E4512C20D04000B4D47C /* Sources */ = {
			isa = PBXSourcesBuildPhase;
			buildActionMask = 2147483647;
			files = (
				55E1E4592C20D04000B4D47C /* main.swift in Sources */,
				55E1E4602C20D0AF00B4D47C /* zShearFactor.swift in Sources */,
			);
			runOnlyForDeploymentPostprocessing = 0;
		};
		55E1E4612C2337E600B4D47C /* Sources */ = {
			isa = PBXSourcesBuildPhase;
			buildActionMask = 2147483647;
			files = (
				55E1E4682C2337E600B4D47C /* zshear_factor_test.swift in Sources */,
				55E1E46C2C234AE300B4D47C /* zShearFactor.swift in Sources */,
			);
			runOnlyForDeploymentPostprocessing = 0;
		};
/* End PBXSourcesBuildPhase section */

/* Begin XCBuildConfiguration section */
		55E1E45A2C20D04000B4D47C /* Debug */ = {
			isa = XCBuildConfiguration;
			buildSettings = {
				ALWAYS_SEARCH_USER_PATHS = NO;
				CLANG_ANALYZER_NONNULL = YES;
				CLANG_ANALYZER_NUMBER_OBJECT_CONVERSION = YES_AGGRESSIVE;
				CLANG_CXX_LANGUAGE_STANDARD = "gnu++17";
				CLANG_ENABLE_MODULES = YES;
				CLANG_ENABLE_OBJC_ARC = YES;
				CLANG_ENABLE_OBJC_WEAK = YES;
				CLANG_WARN_BLOCK_CAPTURE_AUTORELEASING = YES;
				CLANG_WARN_BOOL_CONVERSION = YES;
				CLANG_WARN_COMMA = YES;
				CLANG_WARN_CONSTANT_CONVERSION = YES;
				CLANG_WARN_DEPRECATED_OBJC_IMPLEMENTATIONS = YES;
				CLANG_WARN_DIRECT_OBJC_ISA_USAGE = YES_ERROR;
				CLANG_WARN_DOCUMENTATION_COMMENTS = YES;
				CLANG_WARN_EMPTY_BODY = YES;
				CLANG_WARN_ENUM_CONVERSION = YES;
				CLANG_WARN_INFINITE_RECURSION = YES;
				CLANG_WARN_INT_CONVERSION = YES;
				CLANG_WARN_NON_LITERAL_NULL_CONVERSION = YES;
				CLANG_WARN_OBJC_IMPLICIT_RETAIN_SELF = YES;
				CLANG_WARN_OBJC_LITERAL_CONVERSION = YES;
				CLANG_WARN_OBJC_ROOT_CLASS = YES_ERROR;
				CLANG_WARN_QUOTED_INCLUDE_IN_FRAMEWORK_HEADER = YES;
				CLANG_WARN_RANGE_LOOP_ANALYSIS = YES;
				CLANG_WARN_STRICT_PROTOTYPES = YES;
				CLANG_WARN_SUSPICIOUS_MOVE = YES;
				CLANG_WARN_UNGUARDED_AVAILABILITY = YES_AGGRESSIVE;
				CLANG_WARN_UNREACHABLE_CODE = YES;
				CLANG_WARN__DUPLICATE_METHOD_MATCH = YES;
				COPY_PHASE_STRIP = NO;
				DEBUG_INFORMATION_FORMAT = dwarf;
				ENABLE_STRICT_OBJC_MSGSEND = YES;
				ENABLE_TESTABILITY = YES;
				GCC_C_LANGUAGE_STANDARD = gnu11;
				GCC_DYNAMIC_NO_PIC = NO;
				GCC_NO_COMMON_BLOCKS = YES;
				GCC_OPTIMIZATION_LEVEL = 0;
				GCC_PREPROCESSOR_DEFINITIONS = (
					"DEBUG=1",
					"$(inherited)",
				);
				GCC_WARN_64_TO_32_BIT_CONVERSION = YES;
				GCC_WARN_ABOUT_RETURN_TYPE = YES_ERROR;
				GCC_WARN_UNDECLARED_SELECTOR = YES;
				GCC_WARN_UNINITIALIZED_AUTOS = YES_AGGRESSIVE;
				GCC_WARN_UNUSED_FUNCTION = YES;
				GCC_WARN_UNUSED_VARIABLE = YES;
				MACOSX_DEPLOYMENT_TARGET = 12.3;
				MTL_ENABLE_DEBUG_INFO = INCLUDE_SOURCE;
				MTL_FAST_MATH = YES;
				ONLY_ACTIVE_ARCH = YES;
				SDKROOT = macosx;
				SWIFT_ACTIVE_COMPILATION_CONDITIONS = DEBUG;
				SWIFT_OPTIMIZATION_LEVEL = "-Onone";
			};
			name = Debug;
		};
		55E1E45B2C20D04000B4D47C /* Release */ = {
			isa = XCBuildConfiguration;
			buildSettings = {
				ALWAYS_SEARCH_USER_PATHS = NO;
				CLANG_ANALYZER_NONNULL = YES;
				CLANG_ANALYZER_NUMBER_OBJECT_CONVERSION = YES_AGGRESSIVE;
				CLANG_CXX_LANGUAGE_STANDARD = "gnu++17";
				CLANG_ENABLE_MODULES = YES;
				CLANG_ENABLE_OBJC_ARC = YES;
				CLANG_ENABLE_OBJC_WEAK = YES;
				CLANG_WARN_BLOCK_CAPTURE_AUTORELEASING = YES;
				CLANG_WARN_BOOL_CONVERSION = YES;
				CLANG_WARN_COMMA = YES;
				CLANG_WARN_CONSTANT_CONVERSION = YES;
				CLANG_WARN_DEPRECATED_OBJC_IMPLEMENTATIONS = YES;
				CLANG_WARN_DIRECT_OBJC_ISA_USAGE = YES_ERROR;
				CLANG_WARN_DOCUMENTATION_COMMENTS = YES;
				CLANG_WARN_EMPTY_BODY = YES;
				CLANG_WARN_ENUM_CONVERSION = YES;
				CLANG_WARN_INFINITE_RECURSION = YES;
				CLANG_WARN_INT_CONVERSION = YES;
				CLANG_WARN_NON_LITERAL_NULL_CONVERSION = YES;
				CLANG_WARN_OBJC_IMPLICIT_RETAIN_SELF = YES;
				CLANG_WARN_OBJC_LITERAL_CONVERSION = YES;
				CLANG_WARN_OBJC_ROOT_CLASS = YES_ERROR;
				CLANG_WARN_QUOTED_INCLUDE_IN_FRAMEWORK_HEADER = YES;
				CLANG_WARN_RANGE_LOOP_ANALYSIS = YES;
				CLANG_WARN_STRICT_PROTOTYPES = YES;
				CLANG_WARN_SUSPICIOUS_MOVE = YES;
				CLANG_WARN_UNGUARDED_AVAILABILITY = YES_AGGRESSIVE;
				CLANG_WARN_UNREACHABLE_CODE = YES;
				CLANG_WARN__DUPLICATE_METHOD_MATCH = YES;
				COPY_PHASE_STRIP = NO;
				DEBUG_INFORMATION_FORMAT = "dwarf-with-dsym";
				ENABLE_NS_ASSERTIONS = NO;
				ENABLE_STRICT_OBJC_MSGSEND = YES;
				GCC_C_LANGUAGE_STANDARD = gnu11;
				GCC_NO_COMMON_BLOCKS = YES;
				GCC_WARN_64_TO_32_BIT_CONVERSION = YES;
				GCC_WARN_ABOUT_RETURN_TYPE = YES_ERROR;
				GCC_WARN_UNDECLARED_SELECTOR = YES;
				GCC_WARN_UNINITIALIZED_AUTOS = YES_AGGRESSIVE;
				GCC_WARN_UNUSED_FUNCTION = YES;
				GCC_WARN_UNUSED_VARIABLE = YES;
				MACOSX_DEPLOYMENT_TARGET = 12.3;
				MTL_ENABLE_DEBUG_INFO = NO;
				MTL_FAST_MATH = YES;
				SDKROOT = macosx;
				SWIFT_COMPILATION_MODE = wholemodule;
				SWIFT_OPTIMIZATION_LEVEL = "-O";
			};
			name = Release;
		};
		55E1E45D2C20D04000B4D47C /* Debug */ = {
			isa = XCBuildConfiguration;
			buildSettings = {
				CODE_SIGN_IDENTITY = "-";
				CODE_SIGN_STYLE = Automatic;
				DEVELOPMENT_TEAM = RH22UATZY7;
				ENABLE_HARDENED_RUNTIME = YES;
				PRODUCT_NAME = "$(TARGET_NAME)";
				SWIFT_VERSION = 5.0;
			};
			name = Debug;
		};
		55E1E45E2C20D04000B4D47C /* Release */ = {
			isa = XCBuildConfiguration;
			buildSettings = {
				CODE_SIGN_STYLE = Automatic;
				DEVELOPMENT_TEAM = RH22UATZY7;
				ENABLE_HARDENED_RUNTIME = YES;
				PRODUCT_NAME = "$(TARGET_NAME)";
				SWIFT_VERSION = 5.0;
			};
			name = Release;
		};
		55E1E46A2C2337E600B4D47C /* Debug */ = {
			isa = XCBuildConfiguration;
			buildSettings = {
				BUNDLE_LOADER = "";
				CODE_SIGN_IDENTITY = "-";
				CODE_SIGN_STYLE = Automatic;
				CURRENT_PROJECT_VERSION = 1;
				DEVELOPMENT_TEAM = RH22UATZY7;
				GENERATE_INFOPLIST_FILE = YES;
				MARKETING_VERSION = 1.0;
				PRODUCT_BUNDLE_IDENTIFIER = "ai.quintar.zshear-factor-test";
				PRODUCT_NAME = "$(TARGET_NAME)";
				SWIFT_EMIT_LOC_STRINGS = NO;
				SWIFT_VERSION = 5.0;
			};
			name = Debug;
		};
		55E1E46B2C2337E600B4D47C /* Release */ = {
			isa = XCBuildConfiguration;
			buildSettings = {
				BUNDLE_LOADER = "";
				CODE_SIGN_IDENTITY = "-";
				CODE_SIGN_STYLE = Automatic;
				CURRENT_PROJECT_VERSION = 1;
				DEVELOPMENT_TEAM = RH22UATZY7;
				GENERATE_INFOPLIST_FILE = YES;
				MARKETING_VERSION = 1.0;
				PRODUCT_BUNDLE_IDENTIFIER = "ai.quintar.zshear-factor-test";
				PRODUCT_NAME = "$(TARGET_NAME)";
				SWIFT_EMIT_LOC_STRINGS = NO;
				SWIFT_VERSION = 5.0;
			};
			name = Release;
		};
/* End XCBuildConfiguration section */

/* Begin XCConfigurationList section */
		55E1E4502C20D04000B4D47C /* Build configuration list for PBXProject "zshear-factor" */ = {
			isa = XCConfigurationList;
			buildConfigurations = (
				55E1E45A2C20D04000B4D47C /* Debug */,
				55E1E45B2C20D04000B4D47C /* Release */,
			);
			defaultConfigurationIsVisible = 0;
			defaultConfigurationName = Release;
		};
		55E1E45C2C20D04000B4D47C /* Build configuration list for PBXNativeTarget "zshear-factor" */ = {
			isa = XCConfigurationList;
			buildConfigurations = (
				55E1E45D2C20D04000B4D47C /* Debug */,
				55E1E45E2C20D04000B4D47C /* Release */,
			);
			defaultConfigurationIsVisible = 0;
			defaultConfigurationName = Release;
		};
		55E1E4692C2337E600B4D47C /* Build configuration list for PBXNativeTarget "zshear-factor-test" */ = {
			isa = XCConfigurationList;
			buildConfigurations = (
				55E1E46A2C2337E600B4D47C /* Debug */,
				55E1E46B2C2337E600B4D47C /* Release */,
			);
			defaultConfigurationIsVisible = 0;
			defaultConfigurationName = Release;
		};
/* End XCConfigurationList section */
	};
	rootObject = 55E1E44D2C20D04000B4D47C /* Project object */;
}
